
Microsoft Visual Studio Solution File, Format Version 12.00
# Visual Studio Version 17
VisualStudioVersion = 17.13.35825.156
MinimumVisualStudioVersion = 10.0.40219.1
Project("{2150E333-8FDC-42A3-9474-1A3956D46DE8}") = "Solution Items", "Solution Items", "{02EA681E-C7D8-13C7-8484-4AC65E1B71E8}"
	ProjectSection(SolutionItems) = preProject
		.editorconfig = .editorconfig
		Directory.Build.props = Directory.Build.props
		Directory.Packages.props = Directory.Packages.props
		Evolution.md = Evolution.md
	EndProjectSection
EndProject
Project("{2150E333-8FDC-42A3-9474-1A3956D46DE8}") = "Source", "Source", "{E17DD6A4-C8C9-4DC8-A3E0-1EB496BAF3BD}"
EndProject
Project("{2150E333-8FDC-42A3-9474-1A3956D46DE8}") = "Test", "Test", "{752687AC-F173-4FA0-9FF1-188CFDB87D8A}"
EndProject
Project("{FAE04EC0-301F-11D3-BF4B-00C04F79EFBC}") = "BookStore.Core", "Source\BookStore.Core\BookStore.Core.csproj", "{D58B1062-7C8C-44CD-9462-8C7DDB649324}"
EndProject
Project("{FAE04EC0-301F-11D3-BF4B-00C04F79EFBC}") = "BookStore.Application", "Source\BookStore.Application\BookStore.Application.csproj", "{5E6EB25C-FA2F-E45C-A7F0-D78D5424B25A}"
EndProject
Project("{FAE04EC0-301F-11D3-BF4B-00C04F79EFBC}") = "BookStore.Domain", "Source\BookStore.Domain\BookStore.Domain.csproj", "{8BE6396D-4CFF-01B8-2127-417F8307F845}"
EndProject
Project("{FAE04EC0-301F-11D3-BF4B-00C04F79EFBC}") = "BookStore.Infrastructure", "Source\BookStore.Infrastructure\BookStore.Infrastructure.csproj", "{54C686DA-3DDA-00F2-E298-7F87DB2CE27A}"
EndProject
Project("{FAE04EC0-301F-11D3-BF4B-00C04F79EFBC}") = "BookStore.WebAPI", "Source\BookStore.WebAPI\BookStore.WebAPI.csproj", "{F8444589-56F5-9626-2C71-2512AAE6D50C}"
EndProject
Global
	GlobalSection(SolutionConfigurationPlatforms) = preSolution
		Debug|Any CPU = Debug|Any CPU
		Release|Any CPU = Release|Any CPU
	EndGlobalSection
	GlobalSection(ProjectConfigurationPlatforms) = postSolution
		{D58B1062-7C8C-44CD-9462-8C7DDB649324}.Debug|Any CPU.ActiveCfg = Debug|Any CPU
		{D58B1062-7C8C-44CD-9462-8C7DDB649324}.Debug|Any CPU.Build.0 = Debug|Any CPU
		{D58B1062-7C8C-44CD-9462-8C7DDB649324}.Release|Any CPU.ActiveCfg = Release|Any CPU
		{D58B1062-7C8C-44CD-9462-8C7DDB649324}.Release|Any CPU.Build.0 = Release|Any CPU
		{5E6EB25C-FA2F-E45C-A7F0-D78D5424B25A}.Debug|Any CPU.ActiveCfg = Debug|Any CPU
		{5E6EB25C-FA2F-E45C-A7F0-D78D5424B25A}.Debug|Any CPU.Build.0 = Debug|Any CPU
		{5E6EB25C-FA2F-E45C-A7F0-D78D5424B25A}.Release|Any CPU.ActiveCfg = Release|Any CPU
		{5E6EB25C-FA2F-E45C-A7F0-D78D5424B25A}.Release|Any CPU.Build.0 = Release|Any CPU
		{8BE6396D-4CFF-01B8-2127-417F8307F845}.Debug|Any CPU.ActiveCfg = Debug|Any CPU
		{8BE6396D-4CFF-01B8-2127-417F8307F845}.Debug|Any CPU.Build.0 = Debug|Any CPU
		{8BE6396D-4CFF-01B8-2127-417F8307F845}.Release|Any CPU.ActiveCfg = Release|Any CPU
		{8BE6396D-4CFF-01B8-2127-417F8307F845}.Release|Any CPU.Build.0 = Release|Any CPU
		{54C686DA-3DDA-00F2-E298-7F87DB2CE27A}.Debug|Any CPU.ActiveCfg = Debug|Any CPU
		{54C686DA-3DDA-00F2-E298-7F87DB2CE27A}.Debug|Any CPU.Build.0 = Debug|Any CPU
		{54C686DA-3DDA-00F2-E298-7F87DB2CE27A}.Release|Any CPU.ActiveCfg = Release|Any CPU
		{54C686DA-3DDA-00F2-E298-7F87DB2CE27A}.Release|Any CPU.Build.0 = Release|Any CPU
		{F8444589-56F5-9626-2C71-2512AAE6D50C}.Debug|Any CPU.ActiveCfg = Debug|Any CPU
		{F8444589-56F5-9626-2C71-2512AAE6D50C}.Debug|Any CPU.Build.0 = Debug|Any CPU
		{F8444589-56F5-9626-2C71-2512AAE6D50C}.Release|Any CPU.ActiveCfg = Release|Any CPU
		{F8444589-56F5-9626-2C71-2512AAE6D50C}.Release|Any CPU.Build.0 = Release|Any CPU
	EndGlobalSection
	GlobalSection(SolutionProperties) = preSolution
		HideSolutionNode = FALSE
	EndGlobalSection
	GlobalSection(NestedProjects) = preSolution
		{D58B1062-7C8C-44CD-9462-8C7DDB649324} = {E17DD6A4-C8C9-4DC8-A3E0-1EB496BAF3BD}
		{5E6EB25C-FA2F-E45C-A7F0-D78D5424B25A} = {E17DD6A4-C8C9-4DC8-A3E0-1EB496BAF3BD}
		{8BE6396D-4CFF-01B8-2127-417F8307F845} = {E17DD6A4-C8C9-4DC8-A3E0-1EB496BAF3BD}
		{54C686DA-3DDA-00F2-E298-7F87DB2CE27A} = {E17DD6A4-C8C9-4DC8-A3E0-1EB496BAF3BD}
		{F8444589-56F5-9626-2C71-2512AAE6D50C} = {E17DD6A4-C8C9-4DC8-A3E0-1EB496BAF3BD}
	EndGlobalSection
	GlobalSection(ExtensibilityGlobals) = postSolution
		SolutionGuid = {B97E6D22-BC71-4998-AB4A-3BFE90F57718}
	EndGlobalSection
EndGlobal
